
Microsoft Visual Studio Solution File, Format Version 12.00
# Visual Studio 15
VisualStudioVersion = 15.0.28307.438
MinimumVisualStudioVersion = 10.0.40219.1
Project("{FAE04EC0-301F-11D3-BF4B-00C04F79EFBC}") = "MvcMovie", "MvcMovie\MvcMovie.csproj", "{096395DE-6513-4E0E-990F-1BD13433F916}"
EndProject
Global
	GlobalSection(SolutionConfigurationPlatforms) = preSolution
		Debug|Any CPU = Debug|Any CPU
		Release|Any CPU = Release|Any CPU
	EndGlobalSection
	GlobalSection(ProjectConfigurationPlatforms) = postSolution
		{096395DE-6513-4E0E-990F-1BD13433F916}.Debug|Any CPU.ActiveCfg = Debug|Any CPU
		{096395DE-6513-4E0E-990F-1BD13433F916}.Debug|Any CPU.Build.0 = Debug|Any CPU
		{096395DE-6513-4E0E-990F-1BD13433F916}.Release|Any CPU.ActiveCfg = Release|Any CPU
		{096395DE-6513-4E0E-990F-1BD13433F916}.Release|Any CPU.Build.0 = Release|Any CPU
	EndGlobalSection
	GlobalSection(SolutionProperties) = preSolution
		HideSolutionNode = FALSE
	EndGlobalSection
	GlobalSection(ExtensibilityGlobals) = postSolution
		SolutionGuid = {48FFEC67-1CC0-4E03-B21A-E2B983FDE551}
	EndGlobalSection
EndGlobal
